# THIS IS AN AUTOGENERATED FILE. DO NOT EDIT THIS FILE DIRECTLY.
# yarn lockfile v1


"@types/invariant@^2.2.29":
  version "2.2.29"
  resolved "https://registry.yarnpkg.com/@types/invariant/-/invariant-2.2.29.tgz#aa845204cd0a289f65d47e0de63a6a815e30cc66"

"@types/node-fetch@^2.1.2":
  version "2.1.2"
  resolved "https://registry.yarnpkg.com/@types/node-fetch/-/node-fetch-2.1.2.tgz#8c5da14d70321e4c4ecd5db668e3f93cf6c7399f"
  dependencies:
    "@types/node" "*"

"@types/node@*":
  version "10.9.2"
  resolved "https://registry.yarnpkg.com/@types/node/-/node-10.9.2.tgz#f0ab8dced5cd6c56b26765e1c0d9e4fdcc9f2a00"

expo-server-sdk@^3.0.1:
  version "3.0.1"
  resolved "https://registry.yarnpkg.com/expo-server-sdk/-/expo-server-sdk-3.0.1.tgz#2e3100937d8831624611e3175db81b7608a4554f"
  dependencies:
    "@types/invariant" "^2.2.29"
    "@types/node-fetch" "^2.1.2"
    node-fetch "^2.2.0"
    promise-limit "^2.7.0"

node-fetch@^2.2.0:
  version "2.2.0"
  resolved "https://registry.yarnpkg.com/node-fetch/-/node-fetch-2.2.0.tgz#4ee79bde909262f9775f731e3656d0db55ced5b5"

promise-limit@^2.7.0:
  version "2.7.0"
  resolved "https://registry.yarnpkg.com/promise-limit/-/promise-limit-2.7.0.tgz#eb5737c33342a030eaeaecea9b3d3a93cb592b26"
